
Microsoft Visual Studio Solution File, Format Version 12.00
# Visual Studio Version 17
VisualStudioVersion = 17.2.32519.379
MinimumVisualStudioVersion = 10.0.40219.1
Project("{FAE04EC0-301F-11D3-BF4B-00C04F79EFBC}") = "DmrClient", "DmrClient.csproj", "{34CED416-9AD5-405A-BA82-645FE706FF25}"
EndProject
Project("{FAE04EC0-301F-11D3-BF4B-00C04F79EFBC}") = "DmrClient.Tests", "..\DmrClient.Tests\DmrClient.Tests.csproj", "{AA8D8F75-2046-48C5-BE38-573105D2B209}"
EndProject
Global
	GlobalSection(SolutionConfigurationPlatforms) = preSolution
		Debug|Any CPU = Debug|Any CPU
		Release|Any CPU = Release|Any CPU
	EndGlobalSection
	GlobalSection(ProjectConfigurationPlatforms) = postSolution
		{34CED416-9AD5-405A-BA82-645FE706FF25}.Debug|Any CPU.ActiveCfg = Debug|Any CPU
		{34CED416-9AD5-405A-BA82-645FE706FF25}.Debug|Any CPU.Build.0 = Debug|Any CPU
		{34CED416-9AD5-405A-BA82-645FE706FF25}.Release|Any CPU.ActiveCfg = Release|Any CPU
		{34CED416-9AD5-405A-BA82-645FE706FF25}.Release|Any CPU.Build.0 = Release|Any CPU
		{AA8D8F75-2046-48C5-BE38-573105D2B209}.Debug|Any CPU.ActiveCfg = Debug|Any CPU
		{AA8D8F75-2046-48C5-BE38-573105D2B209}.Debug|Any CPU.Build.0 = Debug|Any CPU
		{AA8D8F75-2046-48C5-BE38-573105D2B209}.Release|Any CPU.ActiveCfg = Release|Any CPU
		{AA8D8F75-2046-48C5-BE38-573105D2B209}.Release|Any CPU.Build.0 = Release|Any CPU
	EndGlobalSection
	GlobalSection(SolutionProperties) = preSolution
		HideSolutionNode = FALSE
	EndGlobalSection
	GlobalSection(ExtensibilityGlobals) = postSolution
		SolutionGuid = {EBB87C1B-D226-46AB-A0B7-CAD6F78CE66D}
	EndGlobalSection
EndGlobal
