
Microsoft Visual Studio Solution File, Format Version 12.00
# Visual Studio Version 17
VisualStudioVersion = 17.2.32505.173
MinimumVisualStudioVersion = 10.0.40219.1
Project("{9A19103F-16F7-4668-BE54-9A1E7A4F7556}") = "DMR.Api", "DMR.Api\DMR.Api.csproj", "{2CD76DD8-6553-4F37-AFC2-B8C721EA18B0}"
EndProject
Project("{9A19103F-16F7-4668-BE54-9A1E7A4F7556}") = "DMR.Api.UnitTests", "DMR.Api.UnitTests\DMR.Api.UnitTests.csproj", "{58D6BB52-DF4E-4616-BD8C-EE797694BFFA}"
EndProject
Project("{2150E333-8FDC-42A3-9474-1A3956D46DE8}") = "Solution Items", "Solution Items", "{48B9DFC9-8C2B-427A-9FB6-3DA9C43897CB}"
	ProjectSection(SolutionItems) = preProject
		CodeCoverage.runsettings = CodeCoverage.runsettings
	EndProjectSection
EndProject
Global
	GlobalSection(SolutionConfigurationPlatforms) = preSolution
		Debug|Any CPU = Debug|Any CPU
		Release|Any CPU = Release|Any CPU
	EndGlobalSection
	GlobalSection(ProjectConfigurationPlatforms) = postSolution
		{2CD76DD8-6553-4F37-AFC2-B8C721EA18B0}.Debug|Any CPU.ActiveCfg = Debug|Any CPU
		{2CD76DD8-6553-4F37-AFC2-B8C721EA18B0}.Debug|Any CPU.Build.0 = Debug|Any CPU
		{2CD76DD8-6553-4F37-AFC2-B8C721EA18B0}.Release|Any CPU.ActiveCfg = Release|Any CPU
		{2CD76DD8-6553-4F37-AFC2-B8C721EA18B0}.Release|Any CPU.Build.0 = Release|Any CPU
		{58D6BB52-DF4E-4616-BD8C-EE797694BFFA}.Debug|Any CPU.ActiveCfg = Debug|Any CPU
		{58D6BB52-DF4E-4616-BD8C-EE797694BFFA}.Debug|Any CPU.Build.0 = Debug|Any CPU
		{58D6BB52-DF4E-4616-BD8C-EE797694BFFA}.Release|Any CPU.ActiveCfg = Release|Any CPU
		{58D6BB52-DF4E-4616-BD8C-EE797694BFFA}.Release|Any CPU.Build.0 = Release|Any CPU
	EndGlobalSection
	GlobalSection(SolutionProperties) = preSolution
		HideSolutionNode = FALSE
	EndGlobalSection
	GlobalSection(ExtensibilityGlobals) = postSolution
		SolutionGuid = {B63C8B25-21C6-4252-9D34-7A6FA93B3470}
	EndGlobalSection
EndGlobal
