
Microsoft Visual Studio Solution File, Format Version 12.00
# Visual Studio Version 17
VisualStudioVersion = 17.1.32407.343
MinimumVisualStudioVersion = 10.0.40219.1
Project("{FAE04EC0-301F-11D3-BF4B-00C04F79EFBC}") = "DMR.Api", "DMR.Api\DMR.Api.csproj", "{2CD76DD8-6553-4F37-AFC2-B8C721EA18B0}"
EndProject
Global
	GlobalSection(SolutionConfigurationPlatforms) = preSolution
		Debug|Any CPU = Debug|Any CPU
		Release|Any CPU = Release|Any CPU
	EndGlobalSection
	GlobalSection(ProjectConfigurationPlatforms) = postSolution
		{2CD76DD8-6553-4F37-AFC2-B8C721EA18B0}.Debug|Any CPU.ActiveCfg = Debug|Any CPU
		{2CD76DD8-6553-4F37-AFC2-B8C721EA18B0}.Debug|Any CPU.Build.0 = Debug|Any CPU
		{2CD76DD8-6553-4F37-AFC2-B8C721EA18B0}.Release|Any CPU.ActiveCfg = Release|Any CPU
		{2CD76DD8-6553-4F37-AFC2-B8C721EA18B0}.Release|Any CPU.Build.0 = Release|Any CPU
	EndGlobalSection
	GlobalSection(SolutionProperties) = preSolution
		HideSolutionNode = FALSE
	EndGlobalSection
	GlobalSection(ExtensibilityGlobals) = postSolution
		SolutionGuid = {B63C8B25-21C6-4252-9D34-7A6FA93B3470}
	EndGlobalSection
EndGlobal
