
Microsoft Visual Studio Solution File, Format Version 12.00
# Visual Studio Version 17
VisualStudioVersion = 17.2.32505.173
MinimumVisualStudioVersion = 10.0.40219.1
Project("{2150E333-8FDC-42A3-9474-1A3956D46DE8}") = "Solution Items", "Solution Items", "{48B9DFC9-8C2B-427A-9FB6-3DA9C43897CB}"
EndProject
Project("{9A19103F-16F7-4668-BE54-9A1E7A4F7556}") = "Dmr.Api", "Dmr.Api\Dmr.Api.csproj", "{28D98EC0-B174-4F8B-A9B9-A5EBCE2BA924}"
EndProject
Project("{9A19103F-16F7-4668-BE54-9A1E7A4F7556}") = "Dmr.UnitTests", "Dmr.UnitTests\Dmr.UnitTests.csproj", "{E6678F0F-FA72-4EBB-BB1B-C9F1C3B2F276}"
EndProject
Global
	GlobalSection(SolutionConfigurationPlatforms) = preSolution
		Debug|Any CPU = Debug|Any CPU
		Release|Any CPU = Release|Any CPU
	EndGlobalSection
	GlobalSection(ProjectConfigurationPlatforms) = postSolution
		{28D98EC0-B174-4F8B-A9B9-A5EBCE2BA924}.Debug|Any CPU.ActiveCfg = Debug|Any CPU
		{28D98EC0-B174-4F8B-A9B9-A5EBCE2BA924}.Debug|Any CPU.Build.0 = Debug|Any CPU
		{28D98EC0-B174-4F8B-A9B9-A5EBCE2BA924}.Release|Any CPU.ActiveCfg = Release|Any CPU
		{28D98EC0-B174-4F8B-A9B9-A5EBCE2BA924}.Release|Any CPU.Build.0 = Release|Any CPU
		{E6678F0F-FA72-4EBB-BB1B-C9F1C3B2F276}.Debug|Any CPU.ActiveCfg = Debug|Any CPU
		{E6678F0F-FA72-4EBB-BB1B-C9F1C3B2F276}.Debug|Any CPU.Build.0 = Debug|Any CPU
		{E6678F0F-FA72-4EBB-BB1B-C9F1C3B2F276}.Release|Any CPU.ActiveCfg = Release|Any CPU
		{E6678F0F-FA72-4EBB-BB1B-C9F1C3B2F276}.Release|Any CPU.Build.0 = Release|Any CPU
	EndGlobalSection
	GlobalSection(SolutionProperties) = preSolution
		HideSolutionNode = FALSE
	EndGlobalSection
	GlobalSection(ExtensibilityGlobals) = postSolution
		SolutionGuid = {B63C8B25-21C6-4252-9D34-7A6FA93B3470}
	EndGlobalSection
EndGlobal
